
Microsoft Visual Studio Solution File, Format Version 12.00
# Visual Studio 15
VisualStudioVersion = 15.0.27428.2015
MinimumVisualStudioVersion = 10.0.40219.1
Project("{6EC3EE1D-3C4E-46DD-8F32-0CC8E7565705}") = "FSharp.Json", "FSharp.Json\FSharp.Json.fsproj", "{8C80EE87-ECC6-4BD1-80F4-849FB4FF5B45}"
EndProject
Project("{6EC3EE1D-3C4E-46DD-8F32-0CC8E7565705}") = "FSharp.Json.Tests", "FSharp.Json.Tests\FSharp.Json.Tests.fsproj", "{5D95196B-06AF-4158-9FF0-FAF132900A21}"
EndProject
Project("{2150E333-8FDC-42A3-9474-1A3956D46DE8}") = "project", "project", "{C6675B8D-87AC-4C55-92B7-8C02DDAA38E0}"
	ProjectSection(SolutionItems) = preProject
		README.md = README.md
		RELEASE_NOTES.md = RELEASE_NOTES.md
	EndProjectSection
EndProject
Global
	GlobalSection(SolutionConfigurationPlatforms) = preSolution
		Debug|Any CPU = Debug|Any CPU
		Release|Any CPU = Release|Any CPU
	EndGlobalSection
	GlobalSection(ProjectConfigurationPlatforms) = postSolution
		{8C80EE87-ECC6-4BD1-80F4-849FB4FF5B45}.Debug|Any CPU.ActiveCfg = Debug|Any CPU
		{8C80EE87-ECC6-4BD1-80F4-849FB4FF5B45}.Debug|Any CPU.Build.0 = Debug|Any CPU
		{8C80EE87-ECC6-4BD1-80F4-849FB4FF5B45}.Release|Any CPU.ActiveCfg = Release|Any CPU
		{8C80EE87-ECC6-4BD1-80F4-849FB4FF5B45}.Release|Any CPU.Build.0 = Release|Any CPU
		{5D95196B-06AF-4158-9FF0-FAF132900A21}.Debug|Any CPU.ActiveCfg = Debug|Any CPU
		{5D95196B-06AF-4158-9FF0-FAF132900A21}.Debug|Any CPU.Build.0 = Debug|Any CPU
		{5D95196B-06AF-4158-9FF0-FAF132900A21}.Release|Any CPU.ActiveCfg = Release|Any CPU
		{5D95196B-06AF-4158-9FF0-FAF132900A21}.Release|Any CPU.Build.0 = Release|Any CPU
	EndGlobalSection
	GlobalSection(SolutionProperties) = preSolution
		HideSolutionNode = FALSE
	EndGlobalSection
	GlobalSection(NestedProjects) = preSolution
		{5D95196B-06AF-4158-9FF0-FAF132900A21} = {786DD151-3536-4F63-9D33-8ACA2403BB6E}
	EndGlobalSection
	GlobalSection(ExtensibilityGlobals) = postSolution
		SolutionGuid = {9A0323D5-A893-4E04-AB9D-4B6D72A1528B}
	EndGlobalSection
EndGlobal
